
Microsoft Visual Studio Solution File, Format Version 12.00
# Visual Studio Version 16
VisualStudioVersion = 16.0.29102.190
MinimumVisualStudioVersion = 10.0.40219.1
Project("{FAE04EC0-301F-11D3-BF4B-00C04F79EFBC}") = "AspNetCoreVideo", "AspNetCoreVideo\AspNetCoreVideo.csproj", "{49338F05-0689-443B-8A1C-76D3B29D9922}"
EndProject
Global
	GlobalSection(SolutionConfigurationPlatforms) = preSolution
		Debug|Any CPU = Debug|Any CPU
		Release|Any CPU = Release|Any CPU
	EndGlobalSection
	GlobalSection(ProjectConfigurationPlatforms) = postSolution
		{49338F05-0689-443B-8A1C-76D3B29D9922}.Debug|Any CPU.ActiveCfg = Debug|Any CPU
		{49338F05-0689-443B-8A1C-76D3B29D9922}.Debug|Any CPU.Build.0 = Debug|Any CPU
		{49338F05-0689-443B-8A1C-76D3B29D9922}.Release|Any CPU.ActiveCfg = Release|Any CPU
		{49338F05-0689-443B-8A1C-76D3B29D9922}.Release|Any CPU.Build.0 = Release|Any CPU
	EndGlobalSection
	GlobalSection(SolutionProperties) = preSolution
		HideSolutionNode = FALSE
	EndGlobalSection
	GlobalSection(ExtensibilityGlobals) = postSolution
		SolutionGuid = {8DD20B1F-D0E0-4483-BF3A-80257A342869}
	EndGlobalSection
EndGlobal
